<?xml version="1.0" encoding="UTF-8" standalone="yes" ?>
<CodeBlocks_project_file>
	<FileVersion major="1" minor="6" />
	<Project>
		<Option title="Examen" />
		<Option pch_mode="2" />
		<Option compiler="gcc" />
		<Build>
			<Target title="Debug">
				<Option output="bin/Debug/Examen" prefix_auto="1" extension_auto="1" />
				<Option object_output="obj/Debug/" />
				<Option type="1" />
				<Option compiler="gcc" />
				<Compiler>
					<Add option="-g" />
				</Compiler>
			</Target>
			<Target title="Release">
				<Option output="bin/Release/Examen" prefix_auto="1" extension_auto="1" />
				<Option object_output="obj/Release/" />
				<Option type="1" />
				<Option compiler="gcc" />
				<Compiler>
					<Add option="-O2" />
				</Compiler>
				<Linker>
					<Add option="-s" />
				</Linker>
			</Target>
		</Build>
		<Compiler>
			<Add option="-Wall" />
			<Add option="-fexceptions" />
		</Compiler>
		<Unit filename="Bulletin.cpp" />
		<Unit filename="Bulletin.h" />
		<Unit filename="Certificat.cpp" />
		<Unit filename="Certificat.h" />
		<Unit filename="Classe.cpp" />
		<Unit filename="Classe.h" />
		<Unit filename="ClasseService.cpp" />
		<Unit filename="ClasseService.h" />
		<Unit filename="Enseignement.cpp" />
		<Unit filename="Enseignement.h" />
		<Unit filename="EnseignementService.cpp" />
		<Unit filename="EnseignementService.h" />
		<Unit filename="Etudiant.cpp" />
		<Unit filename="Etudiant.h" />
		<Unit filename="EtudiantService.cpp" />
		<Unit filename="EtudiantService.h" />
		<Unit filename="Evaluation.cpp" />
		<Unit filename="Evaluation.h" />
		<Unit filename="EvaluationGenerale.cpp" />
		<Unit filename="EvaluationGenerale.h" />
		<Unit filename="EvaluationService.cpp" />
		<Unit filename="EvaluationService.h" />
		<Unit filename="Matiere.cpp" />
		<Unit filename="Matiere.h" />
		<Unit filename="MatiereService.cpp" />
		<Unit filename="MatiereService.h" />
		<Unit filename="Module.cpp" />
		<Unit filename="Module.h" />
		<Unit filename="ModuleService.h" />
		<Unit filename="Note.cpp" />
		<Unit filename="Note.h" />
		<Unit filename="PassageEvaluation.cpp" />
		<Unit filename="PassageEvaluation.h" />
		<Unit filename="Professeur.cpp" />
		<Unit filename="Professeur.h" />
		<Unit filename="ProfesseurService.cpp" />
		<Unit filename="ProfesseurService.h" />
		<Unit filename="Proffesseur.h" />
		<Unit filename="main.cpp" />
		<Extensions>
			<lib_finder disable_auto="1" />
		</Extensions>
	</Project>
</CodeBlocks_project_file>
